
Microsoft Visual Studio Solution File, Format Version 12.00
# Visual Studio 15
VisualStudioVersion = 15.0.28307.572
MinimumVisualStudioVersion = 10.0.40219.1
Project("{9A19103F-16F7-4668-BE54-9A1E7A4F7556}") = "Com.MarcusTS.SmartDI.LifecycleAware", "Com.MarcusTS.SmartDI.LifecycleAware.csproj", "{4ECCD958-91D6-4F31-A242-95BA1825FE2B}"
EndProject
Global
	GlobalSection(SolutionConfigurationPlatforms) = preSolution
		Debug|Any CPU = Debug|Any CPU
		Release|Any CPU = Release|Any CPU
	EndGlobalSection
	GlobalSection(ProjectConfigurationPlatforms) = postSolution
		{4ECCD958-91D6-4F31-A242-95BA1825FE2B}.Debug|Any CPU.ActiveCfg = Debug|Any CPU
		{4ECCD958-91D6-4F31-A242-95BA1825FE2B}.Debug|Any CPU.Build.0 = Debug|Any CPU
		{4ECCD958-91D6-4F31-A242-95BA1825FE2B}.Release|Any CPU.ActiveCfg = Release|Any CPU
		{4ECCD958-91D6-4F31-A242-95BA1825FE2B}.Release|Any CPU.Build.0 = Release|Any CPU
	EndGlobalSection
	GlobalSection(SolutionProperties) = preSolution
		HideSolutionNode = FALSE
	EndGlobalSection
	GlobalSection(ExtensibilityGlobals) = postSolution
		SolutionGuid = {1C340129-AB1F-4837-8E22-2E42B56F120C}
	EndGlobalSection
EndGlobal
